github.com/Knetic/govaluate v3.0.0+incompatible h1:7o6+MAPhYTCF0+fdvoz1xDedhRb4f6s9Tn1Tt7/WTEg=
github.com/Knetic/govaluate v3.0.0+incompatible/go.mod h1:r7JcOSlj0wfOMncg0iLm8Leh48TZaKVeNIfJntJ2wa0=
github.com/jcelliott/lumber v0.0.0-20160324203708-dd349441af25 h1:EFT6MH3igZK/dIVqgGbTqWVvkZ7wJ5iGN03SVtvvdd8=
github.com/jcelliott/lumber v0.0.0-20160324203708-dd349441af25/go.mod h1:sWkGw/wsaHtRsT9zGQ/WyJCotGWG/Anow/9hsAcBWRw=
github.com/jessevdk/go-flags v1.4.0 h1:4IU2WS7AumrZ/40jfhf4QVDMsQwqA7VEHozFRrGARJA=
github.com/jessevdk/go-flags v1.4.0/go.mod h1:4FA24M0QyGHXBuZZK/XkWh8h0e1EYbRYJSGM75WSRxI=
